
Microsoft Visual Studio Solution File, Format Version 12.00
# Visual Studio Version 16
VisualStudioVersion = 16.6.30114.105
MinimumVisualStudioVersion = 10.0.40219.1
Project("{2150E333-8FDC-42A3-9474-1A3956D46DE8}") = "src", "src", "{CF508DE6-0FD8-4FB2-A2C5-DE418F66033E}"
EndProject
Project("{FAE04EC0-301F-11D3-BF4B-00C04F79EFBC}") = "SimpleAPI", "src\SimpleAPI\SimpleAPI.csproj", "{737C8E0D-F7A2-4E68-BB14-114EDA8478D3}"
EndProject
Project("{2150E333-8FDC-42A3-9474-1A3956D46DE8}") = "Test", "Test", "{34AEF255-D3D1-419E-AE1B-46099076749B}"
EndProject
Project("{FAE04EC0-301F-11D3-BF4B-00C04F79EFBC}") = "SimpleAPI.Tests", "Test\SimpleAPI.Tests\SimpleAPI.Tests.csproj", "{F6346794-4DFD-4FCA-9589-B5D58581AC1C}"
EndProject
Global
	GlobalSection(SolutionConfigurationPlatforms) = preSolution
		Debug|Any CPU = Debug|Any CPU
		Debug|x64 = Debug|x64
		Debug|x86 = Debug|x86
		Release|Any CPU = Release|Any CPU
		Release|x64 = Release|x64
		Release|x86 = Release|x86
	EndGlobalSection
	GlobalSection(SolutionProperties) = preSolution
		HideSolutionNode = FALSE
	EndGlobalSection
	GlobalSection(ProjectConfigurationPlatforms) = postSolution
		{737C8E0D-F7A2-4E68-BB14-114EDA8478D3}.Debug|Any CPU.ActiveCfg = Debug|Any CPU
		{737C8E0D-F7A2-4E68-BB14-114EDA8478D3}.Debug|Any CPU.Build.0 = Debug|Any CPU
		{737C8E0D-F7A2-4E68-BB14-114EDA8478D3}.Debug|x64.ActiveCfg = Debug|Any CPU
		{737C8E0D-F7A2-4E68-BB14-114EDA8478D3}.Debug|x64.Build.0 = Debug|Any CPU
		{737C8E0D-F7A2-4E68-BB14-114EDA8478D3}.Debug|x86.ActiveCfg = Debug|Any CPU
		{737C8E0D-F7A2-4E68-BB14-114EDA8478D3}.Debug|x86.Build.0 = Debug|Any CPU
		{737C8E0D-F7A2-4E68-BB14-114EDA8478D3}.Release|Any CPU.ActiveCfg = Release|Any CPU
		{737C8E0D-F7A2-4E68-BB14-114EDA8478D3}.Release|Any CPU.Build.0 = Release|Any CPU
		{737C8E0D-F7A2-4E68-BB14-114EDA8478D3}.Release|x64.ActiveCfg = Release|Any CPU
		{737C8E0D-F7A2-4E68-BB14-114EDA8478D3}.Release|x64.Build.0 = Release|Any CPU
		{737C8E0D-F7A2-4E68-BB14-114EDA8478D3}.Release|x86.ActiveCfg = Release|Any CPU
		{737C8E0D-F7A2-4E68-BB14-114EDA8478D3}.Release|x86.Build.0 = Release|Any CPU
		{F6346794-4DFD-4FCA-9589-B5D58581AC1C}.Debug|Any CPU.ActiveCfg = Debug|Any CPU
		{F6346794-4DFD-4FCA-9589-B5D58581AC1C}.Debug|Any CPU.Build.0 = Debug|Any CPU
		{F6346794-4DFD-4FCA-9589-B5D58581AC1C}.Debug|x64.ActiveCfg = Debug|Any CPU
		{F6346794-4DFD-4FCA-9589-B5D58581AC1C}.Debug|x64.Build.0 = Debug|Any CPU
		{F6346794-4DFD-4FCA-9589-B5D58581AC1C}.Debug|x86.ActiveCfg = Debug|Any CPU
		{F6346794-4DFD-4FCA-9589-B5D58581AC1C}.Debug|x86.Build.0 = Debug|Any CPU
		{F6346794-4DFD-4FCA-9589-B5D58581AC1C}.Release|Any CPU.ActiveCfg = Release|Any CPU
		{F6346794-4DFD-4FCA-9589-B5D58581AC1C}.Release|Any CPU.Build.0 = Release|Any CPU
		{F6346794-4DFD-4FCA-9589-B5D58581AC1C}.Release|x64.ActiveCfg = Release|Any CPU
		{F6346794-4DFD-4FCA-9589-B5D58581AC1C}.Release|x64.Build.0 = Release|Any CPU
		{F6346794-4DFD-4FCA-9589-B5D58581AC1C}.Release|x86.ActiveCfg = Release|Any CPU
		{F6346794-4DFD-4FCA-9589-B5D58581AC1C}.Release|x86.Build.0 = Release|Any CPU
	EndGlobalSection
	GlobalSection(NestedProjects) = preSolution
		{737C8E0D-F7A2-4E68-BB14-114EDA8478D3} = {CF508DE6-0FD8-4FB2-A2C5-DE418F66033E}
		{F6346794-4DFD-4FCA-9589-B5D58581AC1C} = {34AEF255-D3D1-419E-AE1B-46099076749B}
	EndGlobalSection
EndGlobal
